
Microsoft Visual Studio Solution File, Format Version 12.00
Project("{FAE04EC0-301F-11D3-BF4B-00C04F79EFBC}") = "FluentHTMLReceiptPrinter", "FluentHTMLReceiptPrinter\FluentHTMLReceiptPrinter.csproj", "{FCBC683B-8992-4D4D-86BE-64DFE8E05468}"
EndProject
Global
	GlobalSection(SolutionConfigurationPlatforms) = preSolution
		Debug|Any CPU = Debug|Any CPU
		Release|Any CPU = Release|Any CPU
	EndGlobalSection
	GlobalSection(ProjectConfigurationPlatforms) = postSolution
		{FCBC683B-8992-4D4D-86BE-64DFE8E05468}.Debug|Any CPU.ActiveCfg = Debug|Any CPU
		{FCBC683B-8992-4D4D-86BE-64DFE8E05468}.Debug|Any CPU.Build.0 = Debug|Any CPU
		{FCBC683B-8992-4D4D-86BE-64DFE8E05468}.Release|Any CPU.ActiveCfg = Release|Any CPU
		{FCBC683B-8992-4D4D-86BE-64DFE8E05468}.Release|Any CPU.Build.0 = Release|Any CPU
	EndGlobalSection
EndGlobal
